# This file is generated by running "yarn install" inside your project.
# Manual changes might be lost - proceed with caution!

__metadata:
  version: 6
  cacheKey: 8

"@dinari/oft-upgradeable@workspace:.":
  version: 0.0.0-use.local
  resolution: "@dinari/oft-upgradeable@workspace:."
  dependencies:
    "@layerzerolabs/lz-evm-protocol-v2": ^2.0.11
  languageName: unknown
  linkType: soft

"@layerzerolabs/lz-evm-protocol-v2@npm:^2.0.11":
  version: 2.0.11
  resolution: "@layerzerolabs/lz-evm-protocol-v2@npm:2.0.11"
  peerDependencies:
    "@openzeppelin/contracts": ^4.8.1
    hardhat-deploy: ^0.11.44
    solidity-bytes-utils: ^0.8.0
  checksum: be45219acd408b7d274ac1e6c2ba7ef309791126d313e2f4c98cdafc8684ff69354b1c7c36085fb79313d43a1f1307f3c96a940fcdd3d9c6ecbf7eaeaac6825d
  languageName: node
  linkType: hard
